// !$*UTF8*$!
{
	archiveVersion = 1;
	classes = {
	};
	objectVersion = 46;
	objects = {

/* Begin PBXBuildFile section */
		AA8CE2711BA4CAF8001928E7 /* AppDelegate.swift in Sources */ = {isa = PBXBuildFile; fileRef = AA8CE2701BA4CAF8001928E7 /* AppDelegate.swift */; };
		AA8CE2731BA4CAF8001928E7 /* ViewController.swift in Sources */ = {isa = PBXBuildFile; fileRef = AA8CE2721BA4CAF8001928E7 /* ViewController.swift */; };
		AA8CE2761BA4CAF8001928E7 /* Main.storyboard in Resources */ = {isa = PBXBuildFile; fileRef = AA8CE2741BA4CAF8001928E7 /* Main.storyboard */; };
		AA8CE2781BA4CAF8001928E7 /* Assets.xcassets in Resources */ = {isa = PBXBuildFile; fileRef = AA8CE2771BA4CAF8001928E7 /* Assets.xcassets */; };
		AA8CE27B1BA4CAF8001928E7 /* LaunchScreen.storyboard in Resources */ = {isa = PBXBuildFile; fileRef = AA8CE2791BA4CAF8001928E7 /* LaunchScreen.storyboard */; };
		AA8CE2861BA4CAF8001928E7 /* TipsCalTests.swift in Sources */ = {isa = PBXBuildFile; fileRef = AA8CE2851BA4CAF8001928E7 /* TipsCalTests.swift */; };
		AA8CE2911BA4CAF8001928E7 /* TipsCalUITests.swift in Sources */ = {isa = PBXBuildFile; fileRef = AA8CE2901BA4CAF8001928E7 /* TipsCalUITests.swift */; };
/* End PBXBuildFile section */

/* Begin PBXContainerItemProxy section */
		AA8CE2821BA4CAF8001928E7 /* PBXContainerItemProxy */ = {
			isa = PBXContainerItemProxy;
			containerPortal = AA8CE2651BA4CAF8001928E7 /* Project object */;
			proxyType = 1;
			remoteGlobalIDString = AA8CE26C1BA4CAF8001928E7;
			remoteInfo = TipsCal;
		};
		AA8CE28D1BA4CAF8001928E7 /* PBXContainerItemProxy */ = {
			isa = PBXContainerItemProxy;
			containerPortal = AA8CE2651BA4CAF8001928E7 /* Project object */;
			proxyType = 1;
			remoteGlobalIDString = AA8CE26C1BA4CAF8001928E7;
			remoteInfo = TipsCal;
		};
/* End PBXContainerItemProxy section */

/* Begin PBXFileReference section */
		AA8CE26D1BA4CAF8001928E7 /* TipsCal.app */ = {isa = PBXFileReference; explicitFileType = wrapper.application; includeInIndex = 0; path = TipsCal.app; sourceTree = BUILT_PRODUCTS_DIR; };
		AA8CE2701BA4CAF8001928E7 /* AppDelegate.swift */ = {isa = PBXFileReference; lastKnownFileType = sourcecode.swift; path = AppDelegate.swift; sourceTree = "<group>"; };
		AA8CE2721BA4CAF8001928E7 /* ViewController.swift */ = {isa = PBXFileReference; lastKnownFileType = sourcecode.swift; path = ViewController.swift; sourceTree = "<group>"; };
		AA8CE2751BA4CAF8001928E7 /* Base */ = {isa = PBXFileReference; lastKnownFileType = file.storyboard; name = Base; path = Base.lproj/Main.storyboard; sourceTree = "<group>"; };
		AA8CE2771BA4CAF8001928E7 /* Assets.xcassets */ = {isa = PBXFileReference; lastKnownFileType = folder.assetcatalog; path = Assets.xcassets; sourceTree = "<group>"; };
		AA8CE27A1BA4CAF8001928E7 /* Base */ = {isa = PBXFileReference; lastKnownFileType = file.storyboard; name = Base; path = Base.lproj/LaunchScreen.storyboard; sourceTree = "<group>"; };
		AA8CE27C1BA4CAF8001928E7 /* Info.plist */ = {isa = PBXFileReference; lastKnownFileType = text.plist.xml; path = Info.plist; sourceTree = "<group>"; };
		AA8CE2811BA4CAF8001928E7 /* TipsCalTests.xctest */ = {isa = PBXFileReference; explicitFileType = wrapper.cfbundle; includeInIndex = 0; path = TipsCalTests.xctest; sourceTree = BUILT_PRODUCTS_DIR; };
		AA8CE2851BA4CAF8001928E7 /* TipsCalTests.swift */ = {isa = PBXFileReference; lastKnownFileType = sourcecode.swift; path = TipsCalTests.swift; sourceTree = "<group>"; };
		AA8CE2871BA4CAF8001928E7 /* Info.plist */ = {isa = PBXFileReference; lastKnownFileType = text.plist.xml; path = Info.plist; sourceTree = "<group>"; };
		AA8CE28C1BA4CAF8001928E7 /* TipsCalUITests.xctest */ = {isa = PBXFileReference; explicitFileType = wrapper.cfbundle; includeInIndex = 0; path = TipsCalUITests.xctest; sourceTree = BUILT_PRODUCTS_DIR; };
		AA8CE2901BA4CAF8001928E7 /* TipsCalUITests.swift */ = {isa = PBXFileReference; lastKnownFileType = sourcecode.swift; path = TipsCalUITests.swift; sourceTree = "<group>"; };
		AA8CE2921BA4CAF8001928E7 /* Info.plist */ = {isa = PBXFileReference; lastKnownFileType = text.plist.xml; path = Info.plist; sourceTree = "<group>"; };
/* End PBXFileReference section */

/* Begin PBXFrameworksBuildPhase section */
		AA8CE26A1BA4CAF8001928E7 /* Frameworks */ = {
			isa = PBXFrameworksBuildPhase;
			buildActionMask = 2147483647;
			files = (
			);
			runOnlyForDeploymentPostprocessing = 0;
		};
		AA8CE27E1BA4CAF8001928E7 /* Frameworks */ = {
			isa = PBXFrameworksBuildPhase;
			buildActionMask = 2147483647;
			files = (
			);
			runOnlyForDeploymentPostprocessing = 0;
		};
		AA8CE2891BA4CAF8001928E7 /* Frameworks */ = {
			isa = PBXFrameworksBuildPhase;
			buildActionMask = 2147483647;
			files = (
			);
			runOnlyForDeploymentPostprocessing = 0;
		};
/* End PBXFrameworksBuildPhase section */

/* Begin PBXGroup section */
		AA8CE2641BA4CAF8001928E7 = {
			isa = PBXGroup;
			children = (
				AA8CE26F1BA4CAF8001928E7 /* TipsCal */,
				AA8CE2841BA4CAF8001928E7 /* TipsCalTests */,
				AA8CE28F1BA4CAF8001928E7 /* TipsCalUITests */,
				AA8CE26E1BA4CAF8001928E7 /* Products */,
			);
			sourceTree = "<group>";
		};
		AA8CE26E1BA4CAF8001928E7 /* Products */ = {
			isa = PBXGroup;
			children = (
				AA8CE26D1BA4CAF8001928E7 /* TipsCal.app */,
				AA8CE2811BA4CAF8001928E7 /* TipsCalTests.xctest */,
				AA8CE28C1BA4CAF8001928E7 /* TipsCalUITests.xctest */,
			);
			name = Products;
			sourceTree = "<group>";
		};
		AA8CE26F1BA4CAF8001928E7 /* TipsCal */ = {
			isa = PBXGroup;
			children = (
				AA8CE2701BA4CAF8001928E7 /* AppDelegate.swift */,
				AA8CE2721BA4CAF8001928E7 /* ViewController.swift */,
				AA8CE2741BA4CAF8001928E7 /* Main.storyboard */,
				AA8CE2771BA4CAF8001928E7 /* Assets.xcassets */,
				AA8CE2791BA4CAF8001928E7 /* LaunchScreen.storyboard */,
				AA8CE27C1BA4CAF8001928E7 /* Info.plist */,
			);
			path = TipsCal;
			sourceTree = "<group>";
		};
		AA8CE2841BA4CAF8001928E7 /* TipsCalTests */ = {
			isa = PBXGroup;
			children = (
				AA8CE2851BA4CAF8001928E7 /* TipsCalTests.swift */,
				AA8CE2871BA4CAF8001928E7 /* Info.plist */,
			);
			path = TipsCalTests;
			sourceTree = "<group>";
		};
		AA8CE28F1BA4CAF8001928E7 /* TipsCalUITests */ = {
			isa = PBXGroup;
			children = (
				AA8CE2901BA4CAF8001928E7 /* TipsCalUITests.swift */,
				AA8CE2921BA4CAF8001928E7 /* Info.plist */,
			);
			path = TipsCalUITests;
			sourceTree = "<group>";
		};
/* End PBXGroup section */

/* Begin PBXNativeTarget section */
		AA8CE26C1BA4CAF8001928E7 /* TipsCal */ = {
			isa = PBXNativeTarget;
			buildConfigurationList = AA8CE2951BA4CAF8001928E7 /* Build configuration list for PBXNativeTarget "TipsCal" */;
			buildPhases = (
				AA8CE2691BA4CAF8001928E7 /* Sources */,
				AA8CE26A1BA4CAF8001928E7 /* Frameworks */,
				AA8CE26B1BA4CAF8001928E7 /* Resources */,
			);
			buildRules = (
			);
			dependencies = (
			);
			name = TipsCal;
			productName = TipsCal;
			productReference = AA8CE26D1BA4CAF8001928E7 /* TipsCal.app */;
			productType = "com.apple.product-type.application";
		};
		AA8CE2801BA4CAF8001928E7 /* TipsCalTests */ = {
			isa = PBXNativeTarget;
			buildConfigurationList = AA8CE2981BA4CAF8001928E7 /* Build configuration list for PBXNativeTarget "TipsCalTests" */;
			buildPhases = (
				AA8CE27D1BA4CAF8001928E7 /* Sources */,
				AA8CE27E1BA4CAF8001928E7 /* Frameworks */,
				AA8CE27F1BA4CAF8001928E7 /* Resources */,
			);
			buildRules = (
			);
			dependencies = (
				AA8CE2831BA4CAF8001928E7 /* PBXTargetDependency */,
			);
			name = TipsCalTests;
			productName = TipsCalTests;
			productReference = AA8CE2811BA4CAF8001928E7 /* TipsCalTests.xctest */;
			productType = "com.apple.product-type.bundle.unit-test";
		};
		AA8CE28B1BA4CAF8001928E7 /* TipsCalUITests */ = {
			isa = PBXNativeTarget;
			buildConfigurationList = AA8CE29B1BA4CAF8001928E7 /* Build configuration list for PBXNativeTarget "TipsCalUITests" */;
			buildPhases = (
				AA8CE2881BA4CAF8001928E7 /* Sources */,
				AA8CE2891BA4CAF8001928E7 /* Frameworks */,
				AA8CE28A1BA4CAF8001928E7 /* Resources */,
			);
			buildRules = (
			);
			dependencies = (
				AA8CE28E1BA4CAF8001928E7 /* PBXTargetDependency */,
			);
			name = TipsCalUITests;
			productName = TipsCalUITests;
			productReference = AA8CE28C1BA4CAF8001928E7 /* TipsCalUITests.xctest */;
			productType = "com.apple.product-type.bundle.ui-testing";
		};
/* End PBXNativeTarget section */

/* Begin PBXProject section */
		AA8CE2651BA4CAF8001928E7 /* Project object */ = {
			isa = PBXProject;
			attributes = {
				LastUpgradeCheck = 0700;
				ORGANIZATIONNAME = "The Climate Corporation";
				TargetAttributes = {
					AA8CE26C1BA4CAF8001928E7 = {
						CreatedOnToolsVersion = 7.0;
					};
					AA8CE2801BA4CAF8001928E7 = {
						CreatedOnToolsVersion = 7.0;
						TestTargetID = AA8CE26C1BA4CAF8001928E7;
					};
					AA8CE28B1BA4CAF8001928E7 = {
						CreatedOnToolsVersion = 7.0;
						TestTargetID = AA8CE26C1BA4CAF8001928E7;
					};
				};
			};
			buildConfigurationList = AA8CE2681BA4CAF8001928E7 /* Build configuration list for PBXProject "TipsCal" */;
			compatibilityVersion = "Xcode 3.2";
			developmentRegion = English;
			hasScannedForEncodings = 0;
			knownRegions = (
				en,
				Base,
			);
			mainGroup = AA8CE2641BA4CAF8001928E7;
			productRefGroup = AA8CE26E1BA4CAF8001928E7 /* Products */;
			projectDirPath = "";
			projectRoot = "";
			targets = (
				AA8CE26C1BA4CAF8001928E7 /* TipsCal */,
				AA8CE2801BA4CAF8001928E7 /* TipsCalTests */,
				AA8CE28B1BA4CAF8001928E7 /* TipsCalUITests */,
			);
		};
/* End PBXProject section */

/* Begin PBXResourcesBuildPhase section */
		AA8CE26B1BA4CAF8001928E7 /* Resources */ = {
			isa = PBXResourcesBuildPhase;
			buildActionMask = 2147483647;
			files = (
				AA8CE27B1BA4CAF8001928E7 /* LaunchScreen.storyboard in Resources */,
				AA8CE2781BA4CAF8001928E7 /* Assets.xcassets in Resources */,
				AA8CE2761BA4CAF8001928E7 /* Main.storyboard in Resources */,
			);
			runOnlyForDeploymentPostprocessing = 0;
		};
		AA8CE27F1BA4CAF8001928E7 /* Resources */ = {
			isa = PBXResourcesBuildPhase;
			buildActionMask = 2147483647;
			files = (
			);
			runOnlyForDeploymentPostprocessing = 0;
		};
		AA8CE28A1BA4CAF8001928E7 /* Resources */ = {
			isa = PBXResourcesBuildPhase;
			buildActionMask = 2147483647;
			files = (
			);
			runOnlyForDeploymentPostprocessing = 0;
		};
/* End PBXResourcesBuildPhase section */

/* Begin PBXSourcesBuildPhase section */
		AA8CE2691BA4CAF8001928E7 /* Sources */ = {
			isa = PBXSourcesBuildPhase;
			buildActionMask = 2147483647;
			files = (
				AA8CE2731BA4CAF8001928E7 /* ViewController.swift in Sources */,
				AA8CE2711BA4CAF8001928E7 /* AppDelegate.swift in Sources */,
			);
			runOnlyForDeploymentPostprocessing = 0;
		};
		AA8CE27D1BA4CAF8001928E7 /* Sources */ = {
			isa = PBXSourcesBuildPhase;
			buildActionMask = 2147483647;
			files = (
				AA8CE2861BA4CAF8001928E7 /* TipsCalTests.swift in Sources */,
			);
			runOnlyForDeploymentPostprocessing = 0;
		};
		AA8CE2881BA4CAF8001928E7 /* Sources */ = {
			isa = PBXSourcesBuildPhase;
			buildActionMask = 2147483647;
			files = (
				AA8CE2911BA4CAF8001928E7 /* TipsCalUITests.swift in Sources */,
			);
			runOnlyForDeploymentPostprocessing = 0;
		};
/* End PBXSourcesBuildPhase section */

/* Begin PBXTargetDependency section */
		AA8CE2831BA4CAF8001928E7 /* PBXTargetDependency */ = {
			isa = PBXTargetDependency;
			target = AA8CE26C1BA4CAF8001928E7 /* TipsCal */;
			targetProxy = AA8CE2821BA4CAF8001928E7 /* PBXContainerItemProxy */;
		};
		AA8CE28E1BA4CAF8001928E7 /* PBXTargetDependency */ = {
			isa = PBXTargetDependency;
			target = AA8CE26C1BA4CAF8001928E7 /* TipsCal */;
			targetProxy = AA8CE28D1BA4CAF8001928E7 /* PBXContainerItemProxy */;
		};
/* End PBXTargetDependency section */

/* Begin PBXVariantGroup section */
		AA8CE2741BA4CAF8001928E7 /* Main.storyboard */ = {
			isa = PBXVariantGroup;
			children = (
				AA8CE2751BA4CAF8001928E7 /* Base */,
			);
			name = Main.storyboard;
			sourceTree = "<group>";
		};
		AA8CE2791BA4CAF8001928E7 /* LaunchScreen.storyboard */ = {
			isa = PBXVariantGroup;
			children = (
				AA8CE27A1BA4CAF8001928E7 /* Base */,
			);
			name = LaunchScreen.storyboard;
			sourceTree = "<group>";
		};
/* End PBXVariantGroup section */

/* Begin XCBuildConfiguration section */
		AA8CE2931BA4CAF8001928E7 /* Debug */ = {
			isa = XCBuildConfiguration;
			buildSettings = {
				ALWAYS_SEARCH_USER_PATHS = NO;
				CLANG_CXX_LANGUAGE_STANDARD = "gnu++0x";
				CLANG_CXX_LIBRARY = "libc++";
				CLANG_ENABLE_MODULES = YES;
				CLANG_ENABLE_OBJC_ARC = YES;
				CLANG_WARN_BOOL_CONVERSION = YES;
				CLANG_WARN_CONSTANT_CONVERSION = YES;
				CLANG_WARN_DIRECT_OBJC_ISA_USAGE = YES_ERROR;
				CLANG_WARN_EMPTY_BODY = YES;
				CLANG_WARN_ENUM_CONVERSION = YES;
				CLANG_WARN_INT_CONVERSION = YES;
				CLANG_WARN_OBJC_ROOT_CLASS = YES_ERROR;
				CLANG_WARN_UNREACHABLE_CODE = YES;
				CLANG_WARN__DUPLICATE_METHOD_MATCH = YES;
				"CODE_SIGN_IDENTITY[sdk=iphoneos*]" = "iPhone Developer";
				COPY_PHASE_STRIP = NO;
				DEBUG_INFORMATION_FORMAT = dwarf;
				ENABLE_STRICT_OBJC_MSGSEND = YES;
				ENABLE_TESTABILITY = YES;
				GCC_C_LANGUAGE_STANDARD = gnu99;
				GCC_DYNAMIC_NO_PIC = NO;
				GCC_NO_COMMON_BLOCKS = YES;
				GCC_OPTIMIZATION_LEVEL = 0;
				GCC_PREPROCESSOR_DEFINITIONS = (
					"DEBUG=1",
					"$(inherited)",
				);
				GCC_WARN_64_TO_32_BIT_CONVERSION = YES;
				GCC_WARN_ABOUT_RETURN_TYPE = YES_ERROR;
				GCC_WARN_UNDECLARED_SELECTOR = YES;
				GCC_WARN_UNINITIALIZED_AUTOS = YES_AGGRESSIVE;
				GCC_WARN_UNUSED_FUNCTION = YES;
				GCC_WARN_UNUSED_VARIABLE = YES;
				IPHONEOS_DEPLOYMENT_TARGET = 9.0;
				MTL_ENABLE_DEBUG_INFO = YES;
				ONLY_ACTIVE_ARCH = YES;
				SDKROOT = iphoneos;
				SWIFT_OPTIMIZATION_LEVEL = "-Onone";
			};
			name = Debug;
		};
		AA8CE2941BA4CAF8001928E7 /* Release */ = {
			isa = XCBuildConfiguration;
			buildSettings = {
				ALWAYS_SEARCH_USER_PATHS = NO;
				CLANG_CXX_LANGUAGE_STANDARD = "gnu++0x";
				CLANG_CXX_LIBRARY = "libc++";
				CLANG_ENABLE_MODULES = YES;
				CLANG_ENABLE_OBJC_ARC = YES;
				CLANG_WARN_BOOL_CONVERSION = YES;
				CLANG_WARN_CONSTANT_CONVERSION = YES;
				CLANG_WARN_DIRECT_OBJC_ISA_USAGE = YES_ERROR;
				CLANG_WARN_EMPTY_BODY = YES;
				CLANG_WARN_ENUM_CONVERSION = YES;
				CLANG_WARN_INT_CONVERSION = YES;
				CLANG_WARN_OBJC_ROOT_CLASS = YES_ERROR;
				CLANG_WARN_UNREACHABLE_CODE = YES;
				CLANG_WARN__DUPLICATE_METHOD_MATCH = YES;
				"CODE_SIGN_IDENTITY[sdk=iphoneos*]" = "iPhone Developer";
				COPY_PHASE_STRIP = NO;
				DEBUG_INFORMATION_FORMAT = "dwarf-with-dsym";
				ENABLE_NS_ASSERTIONS = NO;
				ENABLE_STRICT_OBJC_MSGSEND = YES;
				GCC_C_LANGUAGE_STANDARD = gnu99;
				GCC_NO_COMMON_BLOCKS = YES;
				GCC_WARN_64_TO_32_BIT_CONVERSION = YES;
				GCC_WARN_ABOUT_RETURN_TYPE = YES_ERROR;
				GCC_WARN_UNDECLARED_SELECTOR = YES;
				GCC_WARN_UNINITIALIZED_AUTOS = YES_AGGRESSIVE;
				GCC_WARN_UNUSED_FUNCTION = YES;
				GCC_WARN_UNUSED_VARIABLE = YES;
				IPHONEOS_DEPLOYMENT_TARGET = 9.0;
				MTL_ENABLE_DEBUG_INFO = NO;
				SDKROOT = iphoneos;
				VALIDATE_PRODUCT = YES;
			};
			name = Release;
		};
		AA8CE2961BA4CAF8001928E7 /* Debug */ = {
			isa = XCBuildConfiguration;
			buildSettings = {
				ASSETCATALOG_COMPILER_APPICON_NAME = AppIcon;
				INFOPLIST_FILE = TipsCal/Info.plist;
				IPHONEOS_DEPLOYMENT_TARGET = 8.0;
				LD_RUNPATH_SEARCH_PATHS = "$(inherited) @executable_path/Frameworks";
				PRODUCT_BUNDLE_IDENTIFIER = manpreet.singh.TipsCal;
				PRODUCT_NAME = "$(TARGET_NAME)";
			};
			name = Debug;
		};
		AA8CE2971BA4CAF8001928E7 /* Release */ = {
			isa = XCBuildConfiguration;
			buildSettings = {
				ASSETCATALOG_COMPILER_APPICON_NAME = AppIcon;
				INFOPLIST_FILE = TipsCal/Info.plist;
				IPHONEOS_DEPLOYMENT_TARGET = 8.0;
				LD_RUNPATH_SEARCH_PATHS = "$(inherited) @executable_path/Frameworks";
				PRODUCT_BUNDLE_IDENTIFIER = manpreet.singh.TipsCal;
				PRODUCT_NAME = "$(TARGET_NAME)";
			};
			name = Release;
		};
		AA8CE2991BA4CAF8001928E7 /* Debug */ = {
			isa = XCBuildConfiguration;
			buildSettings = {
				BUNDLE_LOADER = "$(TEST_HOST)";
				INFOPLIST_FILE = TipsCalTests/Info.plist;
				LD_RUNPATH_SEARCH_PATHS = "$(inherited) @executable_path/Frameworks @loader_path/Frameworks";
				PRODUCT_BUNDLE_IDENTIFIER = manpreet.singh.TipsCalTests;
				PRODUCT_NAME = "$(TARGET_NAME)";
				TEST_HOST = "$(BUILT_PRODUCTS_DIR)/TipsCal.app/TipsCal";
			};
			name = Debug;
		};
		AA8CE29A1BA4CAF8001928E7 /* Release */ = {
			isa = XCBuildConfiguration;
			buildSettings = {
				BUNDLE_LOADER = "$(TEST_HOST)";
				INFOPLIST_FILE = TipsCalTests/Info.plist;
				LD_RUNPATH_SEARCH_PATHS = "$(inherited) @executable_path/Frameworks @loader_path/Frameworks";
				PRODUCT_BUNDLE_IDENTIFIER = manpreet.singh.TipsCalTests;
				PRODUCT_NAME = "$(TARGET_NAME)";
				TEST_HOST = "$(BUILT_PRODUCTS_DIR)/TipsCal.app/TipsCal";
			};
			name = Release;
		};
		AA8CE29C1BA4CAF8001928E7 /* Debug */ = {
			isa = XCBuildConfiguration;
			buildSettings = {
				INFOPLIST_FILE = TipsCalUITests/Info.plist;
				LD_RUNPATH_SEARCH_PATHS = "$(inherited) @executable_path/Frameworks @loader_path/Frameworks";
				PRODUCT_BUNDLE_IDENTIFIER = manpreet.singh.TipsCalUITests;
				PRODUCT_NAME = "$(TARGET_NAME)";
				TEST_TARGET_NAME = TipsCal;
				USES_XCTRUNNER = YES;
			};
			name = Debug;
		};
		AA8CE29D1BA4CAF8001928E7 /* Release */ = {
			isa = XCBuildConfiguration;
			buildSettings = {
				INFOPLIST_FILE = TipsCalUITests/Info.plist;
				LD_RUNPATH_SEARCH_PATHS = "$(inherited) @executable_path/Frameworks @loader_path/Frameworks";
				PRODUCT_BUNDLE_IDENTIFIER = manpreet.singh.TipsCalUITests;
				PRODUCT_NAME = "$(TARGET_NAME)";
				TEST_TARGET_NAME = TipsCal;
				USES_XCTRUNNER = YES;
			};
			name = Release;
		};
/* End XCBuildConfiguration section */

/* Begin XCConfigurationList section */
		AA8CE2681BA4CAF8001928E7 /* Build configuration list for PBXProject "TipsCal" */ = {
			isa = XCConfigurationList;
			buildConfigurations = (
				AA8CE2931BA4CAF8001928E7 /* Debug */,
				AA8CE2941BA4CAF8001928E7 /* Release */,
			);
			defaultConfigurationIsVisible = 0;
			defaultConfigurationName = Release;
		};
		AA8CE2951BA4CAF8001928E7 /* Build configuration list for PBXNativeTarget "TipsCal" */ = {
			isa = XCConfigurationList;
			buildConfigurations = (
				AA8CE2961BA4CAF8001928E7 /* Debug */,
				AA8CE2971BA4CAF8001928E7 /* Release */,
			);
			defaultConfigurationIsVisible = 0;
		};
		AA8CE2981BA4CAF8001928E7 /* Build configuration list for PBXNativeTarget "TipsCalTests" */ = {
			isa = XCConfigurationList;
			buildConfigurations = (
				AA8CE2991BA4CAF8001928E7 /* Debug */,
				AA8CE29A1BA4CAF8001928E7 /* Release */,
			);
			defaultConfigurationIsVisible = 0;
		};
		AA8CE29B1BA4CAF8001928E7 /* Build configuration list for PBXNativeTarget "TipsCalUITests" */ = {
			isa = XCConfigurationList;
			buildConfigurations = (
				AA8CE29C1BA4CAF8001928E7 /* Debug */,
				AA8CE29D1BA4CAF8001928E7 /* Release */,
			);
			defaultConfigurationIsVisible = 0;
		};
/* End XCConfigurationList section */
	};
	rootObject = AA8CE2651BA4CAF8001928E7 /* Project object */;
}
